
Microsoft Visual Studio Solution File, Format Version 12.00
# Visual Studio 15
VisualStudioVersion = 15.0.27004.2009
MinimumVisualStudioVersion = 10.0.40219.1
Project("{8BC9CEB8-8B4A-11D0-8D11-00A0C91BC942}") = "study", "study\study.vcxproj", "{589CA64A-8CA0-4068-A1F1-8A026C3F00AF}"
EndProject
Global
	GlobalSection(SolutionConfigurationPlatforms) = preSolution
		Debug|x64 = Debug|x64
		Debug|x86 = Debug|x86
		Release|x64 = Release|x64
		Release|x86 = Release|x86
	EndGlobalSection
	GlobalSection(ProjectConfigurationPlatforms) = postSolution
		{589CA64A-8CA0-4068-A1F1-8A026C3F00AF}.Debug|x64.ActiveCfg = Debug|x64
		{589CA64A-8CA0-4068-A1F1-8A026C3F00AF}.Debug|x64.Build.0 = Debug|x64
		{589CA64A-8CA0-4068-A1F1-8A026C3F00AF}.Debug|x86.ActiveCfg = Debug|Win32
		{589CA64A-8CA0-4068-A1F1-8A026C3F00AF}.Debug|x86.Build.0 = Debug|Win32
		{589CA64A-8CA0-4068-A1F1-8A026C3F00AF}.Release|x64.ActiveCfg = Release|x64
		{589CA64A-8CA0-4068-A1F1-8A026C3F00AF}.Release|x64.Build.0 = Release|x64
		{589CA64A-8CA0-4068-A1F1-8A026C3F00AF}.Release|x86.ActiveCfg = Release|Win32
		{589CA64A-8CA0-4068-A1F1-8A026C3F00AF}.Release|x86.Build.0 = Release|Win32
	EndGlobalSection
	GlobalSection(SolutionProperties) = preSolution
		HideSolutionNode = FALSE
	EndGlobalSection
	GlobalSection(ExtensibilityGlobals) = postSolution
		SolutionGuid = {0B28B633-5B25-4929-904F-8A4E25F0992E}
	EndGlobalSection
EndGlobal
