
Microsoft Visual Studio Solution File, Format Version 12.00
# Visual Studio 15
VisualStudioVersion = 15.0.27004.2009
MinimumVisualStudioVersion = 10.0.40219.1
Project("{8BC9CEB8-8B4A-11D0-8D11-00A0C91BC942}") = "Homework_2_Task_2", "Homework_2_Task_2\Homework_2_Task_2.vcxproj", "{0DD251AF-A413-4DA4-B2B4-AFA7ED83DA07}"
EndProject
Global
	GlobalSection(SolutionConfigurationPlatforms) = preSolution
		Debug|x64 = Debug|x64
		Debug|x86 = Debug|x86
		Release|x64 = Release|x64
		Release|x86 = Release|x86
	EndGlobalSection
	GlobalSection(ProjectConfigurationPlatforms) = postSolution
		{0DD251AF-A413-4DA4-B2B4-AFA7ED83DA07}.Debug|x64.ActiveCfg = Debug|x64
		{0DD251AF-A413-4DA4-B2B4-AFA7ED83DA07}.Debug|x64.Build.0 = Debug|x64
		{0DD251AF-A413-4DA4-B2B4-AFA7ED83DA07}.Debug|x86.ActiveCfg = Debug|Win32
		{0DD251AF-A413-4DA4-B2B4-AFA7ED83DA07}.Debug|x86.Build.0 = Debug|Win32
		{0DD251AF-A413-4DA4-B2B4-AFA7ED83DA07}.Release|x64.ActiveCfg = Release|x64
		{0DD251AF-A413-4DA4-B2B4-AFA7ED83DA07}.Release|x64.Build.0 = Release|x64
		{0DD251AF-A413-4DA4-B2B4-AFA7ED83DA07}.Release|x86.ActiveCfg = Release|Win32
		{0DD251AF-A413-4DA4-B2B4-AFA7ED83DA07}.Release|x86.Build.0 = Release|Win32
	EndGlobalSection
	GlobalSection(SolutionProperties) = preSolution
		HideSolutionNode = FALSE
	EndGlobalSection
	GlobalSection(ExtensibilityGlobals) = postSolution
		SolutionGuid = {51BCC049-97C6-4E6E-B216-7BFDA30B8C60}
	EndGlobalSection
EndGlobal
