
Microsoft Visual Studio Solution File, Format Version 12.00
# Visual Studio 15
VisualStudioVersion = 15.0.27004.2009
MinimumVisualStudioVersion = 10.0.40219.1
Project("{8BC9CEB8-8B4A-11D0-8D11-00A0C91BC942}") = "Homework_2_Pract", "Homework_2_Pract\Homework_2_Pract.vcxproj", "{6FB3B942-C118-4F6C-9DD2-FD1803466E61}"
EndProject
Global
	GlobalSection(SolutionConfigurationPlatforms) = preSolution
		Debug|x64 = Debug|x64
		Debug|x86 = Debug|x86
		Release|x64 = Release|x64
		Release|x86 = Release|x86
	EndGlobalSection
	GlobalSection(ProjectConfigurationPlatforms) = postSolution
		{6FB3B942-C118-4F6C-9DD2-FD1803466E61}.Debug|x64.ActiveCfg = Debug|x64
		{6FB3B942-C118-4F6C-9DD2-FD1803466E61}.Debug|x64.Build.0 = Debug|x64
		{6FB3B942-C118-4F6C-9DD2-FD1803466E61}.Debug|x86.ActiveCfg = Debug|Win32
		{6FB3B942-C118-4F6C-9DD2-FD1803466E61}.Debug|x86.Build.0 = Debug|Win32
		{6FB3B942-C118-4F6C-9DD2-FD1803466E61}.Release|x64.ActiveCfg = Release|x64
		{6FB3B942-C118-4F6C-9DD2-FD1803466E61}.Release|x64.Build.0 = Release|x64
		{6FB3B942-C118-4F6C-9DD2-FD1803466E61}.Release|x86.ActiveCfg = Release|Win32
		{6FB3B942-C118-4F6C-9DD2-FD1803466E61}.Release|x86.Build.0 = Release|Win32
	EndGlobalSection
	GlobalSection(SolutionProperties) = preSolution
		HideSolutionNode = FALSE
	EndGlobalSection
	GlobalSection(ExtensibilityGlobals) = postSolution
		SolutionGuid = {84DD5F42-F47B-4163-9167-4578A4088335}
	EndGlobalSection
EndGlobal
